
Microsoft Visual Studio Solution File, Format Version 12.00
# Visual Studio 15
VisualStudioVersion = 15.0.28307.168
MinimumVisualStudioVersion = 10.0.40219.1
Project("{FAE04EC0-301F-11D3-BF4B-00C04F79EFBC}") = "Radar_parsing", "Radar_parsing\Radar_parsing.csproj", "{CA3E548E-583C-4548-8BCA-3927BC738C44}"
EndProject
Project("{2150E333-8FDC-42A3-9474-1A3956D46DE8}") = "Solution Items", "Solution Items", "{B3E25208-0E53-4A14-A76D-AE393511561E}"
EndProject
Global
	GlobalSection(SolutionConfigurationPlatforms) = preSolution
		Debug|Any CPU = Debug|Any CPU
		Release|Any CPU = Release|Any CPU
	EndGlobalSection
	GlobalSection(ProjectConfigurationPlatforms) = postSolution
		{CA3E548E-583C-4548-8BCA-3927BC738C44}.Debug|Any CPU.ActiveCfg = Debug|Any CPU
		{CA3E548E-583C-4548-8BCA-3927BC738C44}.Debug|Any CPU.Build.0 = Debug|Any CPU
		{CA3E548E-583C-4548-8BCA-3927BC738C44}.Release|Any CPU.ActiveCfg = Release|Any CPU
		{CA3E548E-583C-4548-8BCA-3927BC738C44}.Release|Any CPU.Build.0 = Release|Any CPU
	EndGlobalSection
	GlobalSection(SolutionProperties) = preSolution
		HideSolutionNode = FALSE
	EndGlobalSection
	GlobalSection(ExtensibilityGlobals) = postSolution
		SolutionGuid = {5CB5079B-5021-44CC-8D6D-26D086F50286}
	EndGlobalSection
EndGlobal
